{
  "version": 4,
  "terraform_version": "1.5.3",
  "serial": 7,
  "lineage": "c5f4c2d0-a0fa-f8f2-a3ff-54eac0763a66",
  "outputs": {},
  "resources": [
    {
      "mode": "data",
      "type": "archive_file",
      "name": "lambda_function",
      "provider": "provider[\"registry.terraform.io/hashicorp/archive\"]",
      "instances": [
        {
          "schema_version": 0,
          "attributes": {
            "exclude_symlink_directories": null,
            "excludes": null,
            "id": "6c561b1a57cf08db756ebc2b1715c7c3b0b36aa0",
            "output_base64sha256": "9V6BCg6PGYn4wmVxN4a2NWU5mKaFjHZ9gR/SaPSXbiE=",
            "output_base64sha512": "0fDvMiT45vx86tdEn4/hOEjzp1Xj2SxD8AAJHdMHDNsw1c7+144Mra7Nk5Pz0/f/FBc9vALDgFS/Lyu6euAiEw==",
            "output_file_mode": null,
            "output_md5": "444a06f9f86c6a4c29c17c8fed9141e0",
            "output_path": "lambda_function.zip",
            "output_sha": "6c561b1a57cf08db756ebc2b1715c7c3b0b36aa0",
            "output_sha256": "f55e810a0e8f1989f8c265713786b635653998a6858c767d811fd268f4976e21",
            "output_sha512": "d1f0ef3224f8e6fc7cead7449f8fe13848f3a755e3d92c43f000091dd3070cdb30d5cefed78e0cadaecd9393f3d3f7ff14173dbc02c38054bf2f2bba7ae02213",
            "output_size": 176,
            "source": [],
            "source_content": null,
            "source_content_filename": null,
            "source_dir": null,
            "source_file": "lambda_function.py",
            "type": "zip"
          },
          "sensitive_attributes": []
        }
      ]
    },
    {
      "mode": "managed",
      "type": "aws_iam_role_policy_attachment",
      "name": "lambda_execution_policy_attachment",
      "provider": "provider[\"registry.terraform.io/hashicorp/aws\"]",
      "instances": [
        {
          "schema_version": 0,
          "attributes": {
            "id": "lambda-execution-role-2-20230725110204362800000001",
            "policy_arn": "arn:aws:iam::aws:policy/service-role/AWSLambdaBasicExecutionRole",
            "role": "lambda-execution-role-2"
          },
          "sensitive_attributes": [],
          "private": "bnVsbA==",
          "dependencies": [
            "module.aws_lambda_role.aws_iam_role.lambda_role"
          ]
        }
      ]
    },
    {
      "mode": "managed",
      "type": "aws_lambda_permission",
      "name": "allow_cloudwatch",
      "provider": "provider[\"registry.terraform.io/hashicorp/aws\"]",
      "instances": []
    },
    {
      "module": "module.aws_lambda_role",
      "mode": "managed",
      "type": "aws_iam_role",
      "name": "lambda_role",
      "provider": "provider[\"registry.terraform.io/hashicorp/aws\"]",
      "instances": [
        {
          "schema_version": 0,
          "attributes": {
            "arn": "arn:aws:iam::387666205352:role/lambda-execution-role-2",
            "assume_role_policy": "{\"Statement\":[{\"Action\":\"sts:AssumeRole\",\"Effect\":\"Allow\",\"Principal\":{\"Service\":\"lambda.amazonaws.com\"}}],\"Version\":\"2012-10-17\"}",
            "create_date": "2023-07-25T11:02:03Z",
            "description": "",
            "force_detach_policies": false,
            "id": "lambda-execution-role-2",
            "inline_policy": [],
            "managed_policy_arns": [],
            "max_session_duration": 3600,
            "name": "lambda-execution-role-2",
            "name_prefix": "",
            "path": "/",
            "permissions_boundary": null,
            "tags": null,
            "tags_all": {},
            "unique_id": "AROAVUQVU3KUF7AK5A6Y7"
          },
          "sensitive_attributes": [],
          "private": "bnVsbA=="
        }
      ]
    },
    {
      "module": "module.cloudwatch_event",
      "mode": "managed",
      "type": "aws_cloudwatch_event_rule",
      "name": "rds_event_rule",
      "provider": "provider[\"registry.terraform.io/hashicorp/aws\"]",
      "instances": [
        {
          "schema_version": 0,
          "attributes": {
            "arn": "arn:aws:events:ap-south-1:387666205352:rule/RDSInstanceStartRestartRule",
            "description": "CloudWatch Event Rule for RDS DB instance start or restart",
            "event_bus_name": "default",
            "event_pattern": "{\"detail\":{\"EventCategories\":[\"availability\",\"notification\"],\"EventID\":[\"0006\",\"0088\"],\"SourceIdentifier\":[\"test-db\"]},\"detail-type\":[\"RDS DB Instance Event\"],\"source\":[\"aws.rds\"]}",
            "id": "RDSInstanceStartRestartRule",
            "is_enabled": true,
            "name": "RDSInstanceStartRestartRule",
            "name_prefix": "",
            "role_arn": "",
            "schedule_expression": "",
            "tags": {},
            "tags_all": {}
          },
          "sensitive_attributes": [],
          "private": "bnVsbA=="
        }
      ]
    }
  ],
  "check_results": null
}
